{
  "name": "reversechanneltelegrambot",
  "version": "1.0.0",
  "lockfileVersion": 2,
  "requires": true,
  "packages": {
    "": {
      "name": "reversechanneltelegrambot",
      "version": "1.0.0",
      "license": "ISC",
      "dependencies": {
        "@grammyjs/stateless-question": "^3.0.0",
        "grammy": "^1.3.3",
        "grammy-inline-menu": "^7.0.1",
        "uuid": "^8.3.2"
      },
      "devDependencies": {
        "@types/node": "^16.7.10",
        "@types/uuid": "^8.3.1",
        "dotenv": "^10.0.0",
        "typescript": "^4.4.2"
      }
    },
    "node_modules/@grammyjs/stateless-question": {
      "version": "3.0.0",
      "resolved": "https://registry.npmjs.org/@grammyjs/stateless-question/-/stateless-question-3.0.0.tgz",
      "integrity": "sha512-nVRwbaqWDYsF1j2JMh4l/1sl0XQ+oKaJhaHkDNnkLonHiugliG0OcYZ7G3Ql8/D3rEpVNHw7jBOkbOFGGbwiRA==",
      "dependencies": {
        "telegram-format": "^2.0.0"
      },
      "engines": {
        "node": ">=12"
      },
      "peerDependencies": {
        "grammy": "^1.2.0"
      }
    },
    "node_modules/@grammyjs/types": {
      "version": "2.2.6",
      "resolved": "https://registry.npmjs.org/@grammyjs/types/-/types-2.2.6.tgz",
      "integrity": "sha512-O16e0WxwOLWUGvvtH+FgwSxKvg414dcMAjQAYrotVAVF2P5qOU+NHqbbY/sgVdDKs/uqimhjt/z8IGVeGZYocw=="
    },
    "node_modules/@types/node": {
      "version": "16.7.10",
      "resolved": "https://registry.npmjs.org/@types/node/-/node-16.7.10.tgz",
      "integrity": "sha512-S63Dlv4zIPb8x6MMTgDq5WWRJQe56iBEY0O3SOFA9JrRienkOVDXSXBjjJw6HTNQYSE2JI6GMCR6LVbIMHJVvA==",
      "dev": true
    },
    "node_modules/@types/uuid": {
      "version": "8.3.1",
      "resolved": "https://registry.npmjs.org/@types/uuid/-/uuid-8.3.1.tgz",
      "integrity": "sha512-Y2mHTRAbqfFkpjldbkHGY8JIzRN6XqYRliG8/24FcHm2D2PwW24fl5xMRTVGdrb7iMrwCaIEbLWerGIkXuFWVg==",
      "dev": true
    },
    "node_modules/abort-controller": {
      "version": "3.0.0",
      "resolved": "https://registry.npmjs.org/abort-controller/-/abort-controller-3.0.0.tgz",
      "integrity": "sha512-h8lQ8tacZYnR3vNQTgibj+tODHI5/+l06Au2Pcriv/Gmet0eaj4TwWH41sO9wnHDiQsEj19q0drzdWdeAHtweg==",
      "dependencies": {
        "event-target-shim": "^5.0.0"
      },
      "engines": {
        "node": ">=6.5"
      }
    },
    "node_modules/debug": {
      "version": "4.3.2",
      "resolved": "https://registry.npmjs.org/debug/-/debug-4.3.2.tgz",
      "integrity": "sha512-mOp8wKcvj7XxC78zLgw/ZA+6TSgkoE2C/ienthhRD298T7UNwAg9diBpLRxC0mOezLl4B0xV7M0cCO6P/O0Xhw==",
      "dependencies": {
        "ms": "2.1.2"
      },
      "engines": {
        "node": ">=6.0"
      },
      "peerDependenciesMeta": {
        "supports-color": {
          "optional": true
        }
      }
    },
    "node_modules/dotenv": {
      "version": "10.0.0",
      "resolved": "https://registry.npmjs.org/dotenv/-/dotenv-10.0.0.tgz",
      "integrity": "sha512-rlBi9d8jpv9Sf1klPjNfFAuWDjKLwTIJJ/VxtoTwIR6hnZxcEOQCZg2oIL3MWBYw5GpUDKOEnND7LXTbIpQ03Q==",
      "dev": true,
      "engines": {
        "node": ">=10"
      }
    },
    "node_modules/event-target-shim": {
      "version": "5.0.1",
      "resolved": "https://registry.npmjs.org/event-target-shim/-/event-target-shim-5.0.1.tgz",
      "integrity": "sha512-i/2XbnSz/uxRCU6+NdVJgKWDTM427+MqYbkQzD321DuCQJUqOuJKIA0IM2+W2xtYHdKOmZ4dR6fExsd4SXL+WQ==",
      "engines": {
        "node": ">=6"
      }
    },
    "node_modules/grammy": {
      "version": "1.3.3",
      "resolved": "https://registry.npmjs.org/grammy/-/grammy-1.3.3.tgz",
      "integrity": "sha512-SROUluhM4nPqKKJKyTAFzI0I944DmusQb5VJrsNheBrGHZIiRQpr1613iNHa6ak+XML/MA7z7Xp23rClDvlL+A==",
      "dependencies": {
        "@grammyjs/types": "^2.2.6",
        "abort-controller": "^3.0.0",
        "debug": "^4.3.2",
        "node-fetch": "^2.6.1"
      },
      "engines": {
        "node": "^12.20.0 || >=14.13.1"
      }
    },
    "node_modules/grammy-inline-menu": {
      "version": "7.0.1",
      "resolved": "https://registry.npmjs.org/grammy-inline-menu/-/grammy-inline-menu-7.0.1.tgz",
      "integrity": "sha512-1vnl8wzjY44mCfXQ37TtxAi7kQSNPAJUYMThlNr6Q1L9AzxLS0Sy7NJxR0V8JmMMzMtExJoAyMOy7wqlBO9u2w==",
      "engines": {
        "node": ">=12"
      },
      "peerDependencies": {
        "grammy": "^1.3.0"
      }
    },
    "node_modules/ms": {
      "version": "2.1.2",
      "resolved": "https://registry.npmjs.org/ms/-/ms-2.1.2.tgz",
      "integrity": "sha512-sGkPx+VjMtmA6MX27oA4FBFELFCZZ4S4XqeGOXCv68tT+jb3vk/RyaKWP0PTKyWtmLSM0b+adUTEvbs1PEaH2w=="
    },
    "node_modules/node-fetch": {
      "version": "2.6.1",
      "resolved": "https://registry.npmjs.org/node-fetch/-/node-fetch-2.6.1.tgz",
      "integrity": "sha512-V4aYg89jEoVRxRb2fJdAg8FHvI7cEyYdVAh94HH0UIK8oJxUfkjlDQN9RbMx+bEjP7+ggMiFRprSti032Oipxw==",
      "engines": {
        "node": "4.x || >=6.0.0"
      }
    },
    "node_modules/telegram-format": {
      "version": "2.0.2",
      "resolved": "https://registry.npmjs.org/telegram-format/-/telegram-format-2.0.2.tgz",
      "integrity": "sha512-OE0SHR8pINftjFt01QfHq+Ujedbqna5CInw+PwdbS1/ySrvIBhPZSGo7uas6ktaPv0mnoPKNJR+seouOSXFZiA==",
      "engines": {
        "node": ">=10"
      }
    },
    "node_modules/typescript": {
      "version": "4.4.2",
      "resolved": "https://registry.npmjs.org/typescript/-/typescript-4.4.2.tgz",
      "integrity": "sha512-gzP+t5W4hdy4c+68bfcv0t400HVJMMd2+H9B7gae1nQlBzCqvrXX+6GL/b3GAgyTH966pzrZ70/fRjwAtZksSQ==",
      "dev": true,
      "bin": {
        "tsc": "bin/tsc",
        "tsserver": "bin/tsserver"
      },
      "engines": {
        "node": ">=4.2.0"
      }
    },
    "node_modules/uuid": {
      "version": "8.3.2",
      "resolved": "https://registry.npmjs.org/uuid/-/uuid-8.3.2.tgz",
      "integrity": "sha512-+NYs2QeMWy+GWFOEm9xnn6HCDp0l7QBD7ml8zLUmJ+93Q5NF0NocErnwkTkXVFNiX3/fpC6afS8Dhb/gz7R7eg==",
      "bin": {
        "uuid": "dist/bin/uuid"
      }
    }
  },
  "dependencies": {
    "@grammyjs/stateless-question": {
      "version": "3.0.0",
      "resolved": "https://registry.npmjs.org/@grammyjs/stateless-question/-/stateless-question-3.0.0.tgz",
      "integrity": "sha512-nVRwbaqWDYsF1j2JMh4l/1sl0XQ+oKaJhaHkDNnkLonHiugliG0OcYZ7G3Ql8/D3rEpVNHw7jBOkbOFGGbwiRA==",
      "requires": {
        "telegram-format": "^2.0.0"
      }
    },
    "@grammyjs/types": {
      "version": "2.2.6",
      "resolved": "https://registry.npmjs.org/@grammyjs/types/-/types-2.2.6.tgz",
      "integrity": "sha512-O16e0WxwOLWUGvvtH+FgwSxKvg414dcMAjQAYrotVAVF2P5qOU+NHqbbY/sgVdDKs/uqimhjt/z8IGVeGZYocw=="
    },
    "@types/node": {
      "version": "16.7.10",
      "resolved": "https://registry.npmjs.org/@types/node/-/node-16.7.10.tgz",
      "integrity": "sha512-S63Dlv4zIPb8x6MMTgDq5WWRJQe56iBEY0O3SOFA9JrRienkOVDXSXBjjJw6HTNQYSE2JI6GMCR6LVbIMHJVvA==",
      "dev": true
    },
    "@types/uuid": {
      "version": "8.3.1",
      "resolved": "https://registry.npmjs.org/@types/uuid/-/uuid-8.3.1.tgz",
      "integrity": "sha512-Y2mHTRAbqfFkpjldbkHGY8JIzRN6XqYRliG8/24FcHm2D2PwW24fl5xMRTVGdrb7iMrwCaIEbLWerGIkXuFWVg==",
      "dev": true
    },
    "abort-controller": {
      "version": "3.0.0",
      "resolved": "https://registry.npmjs.org/abort-controller/-/abort-controller-3.0.0.tgz",
      "integrity": "sha512-h8lQ8tacZYnR3vNQTgibj+tODHI5/+l06Au2Pcriv/Gmet0eaj4TwWH41sO9wnHDiQsEj19q0drzdWdeAHtweg==",
      "requires": {
        "event-target-shim": "^5.0.0"
      }
    },
    "debug": {
      "version": "4.3.2",
      "resolved": "https://registry.npmjs.org/debug/-/debug-4.3.2.tgz",
      "integrity": "sha512-mOp8wKcvj7XxC78zLgw/ZA+6TSgkoE2C/ienthhRD298T7UNwAg9diBpLRxC0mOezLl4B0xV7M0cCO6P/O0Xhw==",
      "requires": {
        "ms": "2.1.2"
      }
    },
    "dotenv": {
      "version": "10.0.0",
      "resolved": "https://registry.npmjs.org/dotenv/-/dotenv-10.0.0.tgz",
      "integrity": "sha512-rlBi9d8jpv9Sf1klPjNfFAuWDjKLwTIJJ/VxtoTwIR6hnZxcEOQCZg2oIL3MWBYw5GpUDKOEnND7LXTbIpQ03Q==",
      "dev": true
    },
    "event-target-shim": {
      "version": "5.0.1",
      "resolved": "https://registry.npmjs.org/event-target-shim/-/event-target-shim-5.0.1.tgz",
      "integrity": "sha512-i/2XbnSz/uxRCU6+NdVJgKWDTM427+MqYbkQzD321DuCQJUqOuJKIA0IM2+W2xtYHdKOmZ4dR6fExsd4SXL+WQ=="
    },
    "grammy": {
      "version": "1.3.3",
      "resolved": "https://registry.npmjs.org/grammy/-/grammy-1.3.3.tgz",
      "integrity": "sha512-SROUluhM4nPqKKJKyTAFzI0I944DmusQb5VJrsNheBrGHZIiRQpr1613iNHa6ak+XML/MA7z7Xp23rClDvlL+A==",
      "requires": {
        "@grammyjs/types": "^2.2.6",
        "abort-controller": "^3.0.0",
        "debug": "^4.3.2",
        "node-fetch": "^2.6.1"
      }
    },
    "grammy-inline-menu": {
      "version": "7.0.1",
      "resolved": "https://registry.npmjs.org/grammy-inline-menu/-/grammy-inline-menu-7.0.1.tgz",
      "integrity": "sha512-1vnl8wzjY44mCfXQ37TtxAi7kQSNPAJUYMThlNr6Q1L9AzxLS0Sy7NJxR0V8JmMMzMtExJoAyMOy7wqlBO9u2w==",
      "requires": {}
    },
    "ms": {
      "version": "2.1.2",
      "resolved": "https://registry.npmjs.org/ms/-/ms-2.1.2.tgz",
      "integrity": "sha512-sGkPx+VjMtmA6MX27oA4FBFELFCZZ4S4XqeGOXCv68tT+jb3vk/RyaKWP0PTKyWtmLSM0b+adUTEvbs1PEaH2w=="
    },
    "node-fetch": {
      "version": "2.6.1",
      "resolved": "https://registry.npmjs.org/node-fetch/-/node-fetch-2.6.1.tgz",
      "integrity": "sha512-V4aYg89jEoVRxRb2fJdAg8FHvI7cEyYdVAh94HH0UIK8oJxUfkjlDQN9RbMx+bEjP7+ggMiFRprSti032Oipxw=="
    },
    "telegram-format": {
      "version": "2.0.2",
      "resolved": "https://registry.npmjs.org/telegram-format/-/telegram-format-2.0.2.tgz",
      "integrity": "sha512-OE0SHR8pINftjFt01QfHq+Ujedbqna5CInw+PwdbS1/ySrvIBhPZSGo7uas6ktaPv0mnoPKNJR+seouOSXFZiA=="
    },
    "typescript": {
      "version": "4.4.2",
      "resolved": "https://registry.npmjs.org/typescript/-/typescript-4.4.2.tgz",
      "integrity": "sha512-gzP+t5W4hdy4c+68bfcv0t400HVJMMd2+H9B7gae1nQlBzCqvrXX+6GL/b3GAgyTH966pzrZ70/fRjwAtZksSQ==",
      "dev": true
    },
    "uuid": {
      "version": "8.3.2",
      "resolved": "https://registry.npmjs.org/uuid/-/uuid-8.3.2.tgz",
      "integrity": "sha512-+NYs2QeMWy+GWFOEm9xnn6HCDp0l7QBD7ml8zLUmJ+93Q5NF0NocErnwkTkXVFNiX3/fpC6afS8Dhb/gz7R7eg=="
    }
  }
}
